
Microsoft Visual Studio Solution File, Format Version 12.00
# Visual Studio Version 17
VisualStudioVersion = 17.6.33815.320
MinimumVisualStudioVersion = 10.0.40219.1
Project("{FAE04EC0-301F-11D3-BF4B-00C04F79EFBC}") = "Lab03-Review", "Lab03-Review\Lab03-Review.csproj", "{298DD089-75EA-473B-A474-29345D0F15CB}"
EndProject
Global
	GlobalSection(SolutionConfigurationPlatforms) = preSolution
		Debug|Any CPU = Debug|Any CPU
		Release|Any CPU = Release|Any CPU
	EndGlobalSection
	GlobalSection(ProjectConfigurationPlatforms) = postSolution
		{298DD089-75EA-473B-A474-29345D0F15CB}.Debug|Any CPU.ActiveCfg = Debug|Any CPU
		{298DD089-75EA-473B-A474-29345D0F15CB}.Debug|Any CPU.Build.0 = Debug|Any CPU
		{298DD089-75EA-473B-A474-29345D0F15CB}.Release|Any CPU.ActiveCfg = Release|Any CPU
		{298DD089-75EA-473B-A474-29345D0F15CB}.Release|Any CPU.Build.0 = Release|Any CPU
	EndGlobalSection
	GlobalSection(SolutionProperties) = preSolution
		HideSolutionNode = FALSE
	EndGlobalSection
	GlobalSection(ExtensibilityGlobals) = postSolution
		SolutionGuid = {E140A9DB-E019-4D0F-B84F-6B6233B8487B}
	EndGlobalSection
EndGlobal
